// !$*UTF8*$!
{
	archiveVersion = 1;
	classes = {
	};
	objectVersion = 46;
	objects = {

/* Begin PBXBuildFile section */
		EB1AE06A200FD2AD00C6A2FF /* AdobeCreativeSDKCore.framework in Frameworks */ = {isa = PBXBuildFile; fileRef = EB1AE068200FD2AD00C6A2FF /* AdobeCreativeSDKCore.framework */; };
		EB1AE06B200FD2AD00C6A2FF /* AdobeCreativeSDKImage.framework in Frameworks */ = {isa = PBXBuildFile; fileRef = EB1AE069200FD2AD00C6A2FF /* AdobeCreativeSDKImage.framework */; };
		EB1AE06D200FD34E00C6A2FF /* AdobeCreativeSDKCore.framework in Embed Frameworks */ = {isa = PBXBuildFile; fileRef = EB1AE068200FD2AD00C6A2FF /* AdobeCreativeSDKCore.framework */; settings = {ATTRIBUTES = (CodeSignOnCopy, RemoveHeadersOnCopy, ); }; };
		EB1AE06F200FD34E00C6A2FF /* AdobeCreativeSDKImage.framework in Embed Frameworks */ = {isa = PBXBuildFile; fileRef = EB1AE069200FD2AD00C6A2FF /* AdobeCreativeSDKImage.framework */; settings = {ATTRIBUTES = (CodeSignOnCopy, RemoveHeadersOnCopy, ); }; };
		EB1AE072200FD3A400C6A2FF /* libc++.tbd in Frameworks */ = {isa = PBXBuildFile; fileRef = EB1AE071200FD3A400C6A2FF /* libc++.tbd */; };
		EB1AE074200FD3B000C6A2FF /* libz.tbd in Frameworks */ = {isa = PBXBuildFile; fileRef = EB1AE073200FD3B000C6A2FF /* libz.tbd */; };
		EB1AE076200FD3BC00C6A2FF /* libz.1.2.5.tbd in Frameworks */ = {isa = PBXBuildFile; fileRef = EB1AE075200FD3BC00C6A2FF /* libz.1.2.5.tbd */; };
		EB1AE078200FD3C800C6A2FF /* libsqlite3.0.tbd in Frameworks */ = {isa = PBXBuildFile; fileRef = EB1AE077200FD3C800C6A2FF /* libsqlite3.0.tbd */; };
		EB1AE082200FD5C700C6A2FF /* MobileCoreServices.framework in Frameworks */ = {isa = PBXBuildFile; fileRef = EB1AE079200FD3D300C6A2FF /* MobileCoreServices.framework */; };
		EB1AE083200FD5D100C6A2FF /* SystemConfiguration.framework in Frameworks */ = {isa = PBXBuildFile; fileRef = EB1AE07A200FD3E100C6A2FF /* SystemConfiguration.framework */; };
		EB1AE084200FD5EA00C6A2FF /* CoreData.framework in Frameworks */ = {isa = PBXBuildFile; fileRef = EB1AE07C200FD3FC00C6A2FF /* CoreData.framework */; };
		EB1AE085200FD5F300C6A2FF /* MessageUI.framework in Frameworks */ = {isa = PBXBuildFile; fileRef = EB1AE07D200FD40700C6A2FF /* MessageUI.framework */; };
		EB1AE086200FD5FB00C6A2FF /* OpenGLES.framework in Frameworks */ = {isa = PBXBuildFile; fileRef = EB1AE07E200FD44500C6A2FF /* OpenGLES.framework */; };
		EB1AE087200FD60400C6A2FF /* QuartzCore.framework in Frameworks */ = {isa = PBXBuildFile; fileRef = EB1AE07F200FD44F00C6A2FF /* QuartzCore.framework */; };
		EB1AE088200FD61000C6A2FF /* Accelerate.framework in Frameworks */ = {isa = PBXBuildFile; fileRef = EB1AE07B200FD3EC00C6A2FF /* Accelerate.framework */; };
		EB1AE08A200FDDCE00C6A2FF /* Const.swift in Sources */ = {isa = PBXBuildFile; fileRef = EB1AE089200FDDCE00C6A2FF /* Const.swift */; };
		EBE9CA27200F87D400C40037 /* AppDelegate.swift in Sources */ = {isa = PBXBuildFile; fileRef = EBE9CA26200F87D400C40037 /* AppDelegate.swift */; };
		EBE9CA29200F87D400C40037 /* ViewController.swift in Sources */ = {isa = PBXBuildFile; fileRef = EBE9CA28200F87D400C40037 /* ViewController.swift */; };
		EBE9CA2C200F87D400C40037 /* Main.storyboard in Resources */ = {isa = PBXBuildFile; fileRef = EBE9CA2A200F87D400C40037 /* Main.storyboard */; };
		EBE9CA2E200F87D400C40037 /* Assets.xcassets in Resources */ = {isa = PBXBuildFile; fileRef = EBE9CA2D200F87D400C40037 /* Assets.xcassets */; };
		EBE9CA31200F87D400C40037 /* LaunchScreen.storyboard in Resources */ = {isa = PBXBuildFile; fileRef = EBE9CA2F200F87D400C40037 /* LaunchScreen.storyboard */; };
		EBE9CA3C200F87D500C40037 /* InstagramTests.swift in Sources */ = {isa = PBXBuildFile; fileRef = EBE9CA3B200F87D500C40037 /* InstagramTests.swift */; };
		EBE9CA47200F87D500C40037 /* InstagramUITests.swift in Sources */ = {isa = PBXBuildFile; fileRef = EBE9CA46200F87D500C40037 /* InstagramUITests.swift */; };
		EBE9CA79200F88BB00C40037 /* LoginViewController.swift in Sources */ = {isa = PBXBuildFile; fileRef = EBE9CA78200F88BB00C40037 /* LoginViewController.swift */; };
		EBE9CA7B200F88D800C40037 /* HomeViewController.swift in Sources */ = {isa = PBXBuildFile; fileRef = EBE9CA7A200F88D800C40037 /* HomeViewController.swift */; };
		EBE9CA7D200F88F600C40037 /* ImageSelectViewController.swift in Sources */ = {isa = PBXBuildFile; fileRef = EBE9CA7C200F88F600C40037 /* ImageSelectViewController.swift */; };
		EBE9CA83200F8F3200C40037 /* PostViewController.swift in Sources */ = {isa = PBXBuildFile; fileRef = EBE9CA82200F8F3200C40037 /* PostViewController.swift */; };
		EBE9CA85200F909700C40037 /* SettingViewController.swift in Sources */ = {isa = PBXBuildFile; fileRef = EBE9CA84200F909700C40037 /* SettingViewController.swift */; };
		EBE9CA8B200FA94100C40037 /* GoogleService-Info.plist in Resources */ = {isa = PBXBuildFile; fileRef = EBE9CA8A200FA94100C40037 /* GoogleService-Info.plist */; };
		FB7D83869E8CFA4F3D04E6BD /* Pods_Instagram.framework in Frameworks */ = {isa = PBXBuildFile; fileRef = B7EC73BC25AB5BE1A098D151 /* Pods_Instagram.framework */; };
/* End PBXBuildFile section */

/* Begin PBXContainerItemProxy section */
		EBE9CA38200F87D500C40037 /* PBXContainerItemProxy */ = {
			isa = PBXContainerItemProxy;
			containerPortal = EBE9CA1B200F87D400C40037 /* Project object */;
			proxyType = 1;
			remoteGlobalIDString = EBE9CA22200F87D400C40037;
			remoteInfo = Instagram;
		};
		EBE9CA43200F87D500C40037 /* PBXContainerItemProxy */ = {
			isa = PBXContainerItemProxy;
			containerPortal = EBE9CA1B200F87D400C40037 /* Project object */;
			proxyType = 1;
			remoteGlobalIDString = EBE9CA22200F87D400C40037;
			remoteInfo = Instagram;
		};
/* End PBXContainerItemProxy section */

/* Begin PBXCopyFilesBuildPhase section */
		EB1AE070200FD34F00C6A2FF /* Embed Frameworks */ = {
			isa = PBXCopyFilesBuildPhase;
			buildActionMask = 2147483647;
			dstPath = "";
			dstSubfolderSpec = 10;
			files = (
				EB1AE06F200FD34E00C6A2FF /* AdobeCreativeSDKImage.framework in Embed Frameworks */,
				EB1AE06D200FD34E00C6A2FF /* AdobeCreativeSDKCore.framework in Embed Frameworks */,
			);
			name = "Embed Frameworks";
			runOnlyForDeploymentPostprocessing = 0;
		};
/* End PBXCopyFilesBuildPhase section */

/* Begin PBXFileReference section */
		2F73AD1594378525ABE01CD2 /* Pods-Instagram.release.xcconfig */ = {isa = PBXFileReference; includeInIndex = 1; lastKnownFileType = text.xcconfig; name = "Pods-Instagram.release.xcconfig"; path = "Pods/Target Support Files/Pods-Instagram/Pods-Instagram.release.xcconfig"; sourceTree = "<group>"; };
		83101EC12FA090596B29352E /* Pods_InstagramTests.framework */ = {isa = PBXFileReference; explicitFileType = wrapper.framework; includeInIndex = 0; path = Pods_InstagramTests.framework; sourceTree = BUILT_PRODUCTS_DIR; };
		8E31985941F2358C8D635423 /* Pods-Instagram.debug.xcconfig */ = {isa = PBXFileReference; includeInIndex = 1; lastKnownFileType = text.xcconfig; name = "Pods-Instagram.debug.xcconfig"; path = "Pods/Target Support Files/Pods-Instagram/Pods-Instagram.debug.xcconfig"; sourceTree = "<group>"; };
		B7EC73BC25AB5BE1A098D151 /* Pods_Instagram.framework */ = {isa = PBXFileReference; explicitFileType = wrapper.framework; includeInIndex = 0; path = Pods_Instagram.framework; sourceTree = BUILT_PRODUCTS_DIR; };
		D3B9463A9F09DB1FE203FD5E /* Pods_InstagramUITests.framework */ = {isa = PBXFileReference; explicitFileType = wrapper.framework; includeInIndex = 0; path = Pods_InstagramUITests.framework; sourceTree = BUILT_PRODUCTS_DIR; };
		EB1AE068200FD2AD00C6A2FF /* AdobeCreativeSDKCore.framework */ = {isa = PBXFileReference; lastKnownFileType = wrapper.framework; path = AdobeCreativeSDKCore.framework; sourceTree = "<group>"; };
		EB1AE069200FD2AD00C6A2FF /* AdobeCreativeSDKImage.framework */ = {isa = PBXFileReference; lastKnownFileType = wrapper.framework; name = AdobeCreativeSDKImage.framework; path = ../../AdobeCreativeSDKDynamicFrameworks/AdobeCreativeSDKImage.framework; sourceTree = "<group>"; };
		EB1AE071200FD3A400C6A2FF /* libc++.tbd */ = {isa = PBXFileReference; lastKnownFileType = "sourcecode.text-based-dylib-definition"; name = "libc++.tbd"; path = "usr/lib/libc++.tbd"; sourceTree = SDKROOT; };
		EB1AE073200FD3B000C6A2FF /* libz.tbd */ = {isa = PBXFileReference; lastKnownFileType = "sourcecode.text-based-dylib-definition"; name = libz.tbd; path = usr/lib/libz.tbd; sourceTree = SDKROOT; };
		EB1AE075200FD3BC00C6A2FF /* libz.1.2.5.tbd */ = {isa = PBXFileReference; lastKnownFileType = "sourcecode.text-based-dylib-definition"; name = libz.1.2.5.tbd; path = usr/lib/libz.1.2.5.tbd; sourceTree = SDKROOT; };
		EB1AE077200FD3C800C6A2FF /* libsqlite3.0.tbd */ = {isa = PBXFileReference; lastKnownFileType = "sourcecode.text-based-dylib-definition"; name = libsqlite3.0.tbd; path = usr/lib/libsqlite3.0.tbd; sourceTree = SDKROOT; };
		EB1AE079200FD3D300C6A2FF /* MobileCoreServices.framework */ = {isa = PBXFileReference; lastKnownFileType = wrapper.framework; name = MobileCoreServices.framework; path = System/Library/Frameworks/MobileCoreServices.framework; sourceTree = SDKROOT; };
		EB1AE07A200FD3E100C6A2FF /* SystemConfiguration.framework */ = {isa = PBXFileReference; lastKnownFileType = wrapper.framework; name = SystemConfiguration.framework; path = System/Library/Frameworks/SystemConfiguration.framework; sourceTree = SDKROOT; };
		EB1AE07B200FD3EC00C6A2FF /* Accelerate.framework */ = {isa = PBXFileReference; lastKnownFileType = wrapper.framework; name = Accelerate.framework; path = System/Library/Frameworks/Accelerate.framework; sourceTree = SDKROOT; };
		EB1AE07C200FD3FC00C6A2FF /* CoreData.framework */ = {isa = PBXFileReference; lastKnownFileType = wrapper.framework; name = CoreData.framework; path = System/Library/Frameworks/CoreData.framework; sourceTree = SDKROOT; };
		EB1AE07D200FD40700C6A2FF /* MessageUI.framework */ = {isa = PBXFileReference; lastKnownFileType = wrapper.framework; name = MessageUI.framework; path = System/Library/Frameworks/MessageUI.framework; sourceTree = SDKROOT; };
		EB1AE07E200FD44500C6A2FF /* OpenGLES.framework */ = {isa = PBXFileReference; lastKnownFileType = wrapper.framework; name = OpenGLES.framework; path = System/Library/Frameworks/OpenGLES.framework; sourceTree = SDKROOT; };
		EB1AE07F200FD44F00C6A2FF /* QuartzCore.framework */ = {isa = PBXFileReference; lastKnownFileType = wrapper.framework; name = QuartzCore.framework; path = System/Library/Frameworks/QuartzCore.framework; sourceTree = SDKROOT; };
		EB1AE081200FD50100C6A2FF /* Instagram-Bridging-Header.h */ = {isa = PBXFileReference; lastKnownFileType = sourcecode.c.h; path = "Instagram-Bridging-Header.h"; sourceTree = "<group>"; };
		EB1AE089200FDDCE00C6A2FF /* Const.swift */ = {isa = PBXFileReference; lastKnownFileType = sourcecode.swift; path = Const.swift; sourceTree = "<group>"; };
		EBE9CA23200F87D400C40037 /* Instagram.app */ = {isa = PBXFileReference; explicitFileType = wrapper.application; includeInIndex = 0; path = Instagram.app; sourceTree = BUILT_PRODUCTS_DIR; };
		EBE9CA26200F87D400C40037 /* AppDelegate.swift */ = {isa = PBXFileReference; lastKnownFileType = sourcecode.swift; path = AppDelegate.swift; sourceTree = "<group>"; };
		EBE9CA28200F87D400C40037 /* ViewController.swift */ = {isa = PBXFileReference; lastKnownFileType = sourcecode.swift; path = ViewController.swift; sourceTree = "<group>"; };
		EBE9CA2B200F87D400C40037 /* Base */ = {isa = PBXFileReference; lastKnownFileType = file.storyboard; name = Base; path = Base.lproj/Main.storyboard; sourceTree = "<group>"; };
		EBE9CA2D200F87D400C40037 /* Assets.xcassets */ = {isa = PBXFileReference; lastKnownFileType = folder.assetcatalog; path = Assets.xcassets; sourceTree = "<group>"; };
		EBE9CA30200F87D400C40037 /* Base */ = {isa = PBXFileReference; lastKnownFileType = file.storyboard; name = Base; path = Base.lproj/LaunchScreen.storyboard; sourceTree = "<group>"; };
		EBE9CA32200F87D400C40037 /* Info.plist */ = {isa = PBXFileReference; lastKnownFileType = text.plist.xml; path = Info.plist; sourceTree = "<group>"; };
		EBE9CA37200F87D500C40037 /* InstagramTests.xctest */ = {isa = PBXFileReference; explicitFileType = wrapper.cfbundle; includeInIndex = 0; path = InstagramTests.xctest; sourceTree = BUILT_PRODUCTS_DIR; };
		EBE9CA3B200F87D500C40037 /* InstagramTests.swift */ = {isa = PBXFileReference; lastKnownFileType = sourcecode.swift; path = InstagramTests.swift; sourceTree = "<group>"; };
		EBE9CA3D200F87D500C40037 /* Info.plist */ = {isa = PBXFileReference; lastKnownFileType = text.plist.xml; path = Info.plist; sourceTree = "<group>"; };
		EBE9CA42200F87D500C40037 /* InstagramUITests.xctest */ = {isa = PBXFileReference; explicitFileType = wrapper.cfbundle; includeInIndex = 0; path = InstagramUITests.xctest; sourceTree = BUILT_PRODUCTS_DIR; };
		EBE9CA46200F87D500C40037 /* InstagramUITests.swift */ = {isa = PBXFileReference; lastKnownFileType = sourcecode.swift; path = InstagramUITests.swift; sourceTree = "<group>"; };
		EBE9CA48200F87D500C40037 /* Info.plist */ = {isa = PBXFileReference; lastKnownFileType = text.plist.xml; path = Info.plist; sourceTree = "<group>"; };
		EBE9CA78200F88BB00C40037 /* LoginViewController.swift */ = {isa = PBXFileReference; fileEncoding = 4; lastKnownFileType = sourcecode.swift; path = LoginViewController.swift; sourceTree = "<group>"; };
		EBE9CA7A200F88D800C40037 /* HomeViewController.swift */ = {isa = PBXFileReference; fileEncoding = 4; lastKnownFileType = sourcecode.swift; path = HomeViewController.swift; sourceTree = "<group>"; };
		EBE9CA7C200F88F600C40037 /* ImageSelectViewController.swift */ = {isa = PBXFileReference; fileEncoding = 4; lastKnownFileType = sourcecode.swift; path = ImageSelectViewController.swift; sourceTree = "<group>"; };
		EBE9CA82200F8F3200C40037 /* PostViewController.swift */ = {isa = PBXFileReference; fileEncoding = 4; lastKnownFileType = sourcecode.swift; path = PostViewController.swift; sourceTree = "<group>"; };
		EBE9CA84200F909700C40037 /* SettingViewController.swift */ = {isa = PBXFileReference; fileEncoding = 4; lastKnownFileType = sourcecode.swift; path = SettingViewController.swift; sourceTree = "<group>"; };
		EBE9CA8A200FA94100C40037 /* GoogleService-Info.plist */ = {isa = PBXFileReference; fileEncoding = 4; lastKnownFileType = text.plist.xml; path = "GoogleService-Info.plist"; sourceTree = "<group>"; };
/* End PBXFileReference section */

/* Begin PBXFrameworksBuildPhase section */
		EBE9CA20200F87D400C40037 /* Frameworks */ = {
			isa = PBXFrameworksBuildPhase;
			buildActionMask = 2147483647;
			files = (
				EB1AE088200FD61000C6A2FF /* Accelerate.framework in Frameworks */,
				EB1AE087200FD60400C6A2FF /* QuartzCore.framework in Frameworks */,
				EB1AE086200FD5FB00C6A2FF /* OpenGLES.framework in Frameworks */,
				EB1AE085200FD5F300C6A2FF /* MessageUI.framework in Frameworks */,
				EB1AE084200FD5EA00C6A2FF /* CoreData.framework in Frameworks */,
				EB1AE083200FD5D100C6A2FF /* SystemConfiguration.framework in Frameworks */,
				EB1AE082200FD5C700C6A2FF /* MobileCoreServices.framework in Frameworks */,
				FB7D83869E8CFA4F3D04E6BD /* Pods_Instagram.framework in Frameworks */,
				EB1AE076200FD3BC00C6A2FF /* libz.1.2.5.tbd in Frameworks */,
				EB1AE06B200FD2AD00C6A2FF /* AdobeCreativeSDKImage.framework in Frameworks */,
				EB1AE072200FD3A400C6A2FF /* libc++.tbd in Frameworks */,
				EB1AE06A200FD2AD00C6A2FF /* AdobeCreativeSDKCore.framework in Frameworks */,
				EB1AE074200FD3B000C6A2FF /* libz.tbd in Frameworks */,
				EB1AE078200FD3C800C6A2FF /* libsqlite3.0.tbd in Frameworks */,
			);
			runOnlyForDeploymentPostprocessing = 0;
		};
		EBE9CA34200F87D500C40037 /* Frameworks */ = {
			isa = PBXFrameworksBuildPhase;
			buildActionMask = 2147483647;
			files = (
			);
			runOnlyForDeploymentPostprocessing = 0;
		};
		EBE9CA3F200F87D500C40037 /* Frameworks */ = {
			isa = PBXFrameworksBuildPhase;
			buildActionMask = 2147483647;
			files = (
			);
			runOnlyForDeploymentPostprocessing = 0;
		};
/* End PBXFrameworksBuildPhase section */

/* Begin PBXGroup section */
		2AB0776D3D983789B08B8A8C /* Pods */ = {
			isa = PBXGroup;
			children = (
				8E31985941F2358C8D635423 /* Pods-Instagram.debug.xcconfig */,
				2F73AD1594378525ABE01CD2 /* Pods-Instagram.release.xcconfig */,
			);
			name = Pods;
			sourceTree = "<group>";
		};
		BAA8F1EB7FE576376FA25B3C /* Frameworks */ = {
			isa = PBXGroup;
			children = (
				EB1AE07F200FD44F00C6A2FF /* QuartzCore.framework */,
				EB1AE07E200FD44500C6A2FF /* OpenGLES.framework */,
				EB1AE07D200FD40700C6A2FF /* MessageUI.framework */,
				EB1AE07C200FD3FC00C6A2FF /* CoreData.framework */,
				EB1AE07B200FD3EC00C6A2FF /* Accelerate.framework */,
				EB1AE07A200FD3E100C6A2FF /* SystemConfiguration.framework */,
				EB1AE079200FD3D300C6A2FF /* MobileCoreServices.framework */,
				EB1AE077200FD3C800C6A2FF /* libsqlite3.0.tbd */,
				EB1AE075200FD3BC00C6A2FF /* libz.1.2.5.tbd */,
				EB1AE073200FD3B000C6A2FF /* libz.tbd */,
				EB1AE071200FD3A400C6A2FF /* libc++.tbd */,
				B7EC73BC25AB5BE1A098D151 /* Pods_Instagram.framework */,
				83101EC12FA090596B29352E /* Pods_InstagramTests.framework */,
				D3B9463A9F09DB1FE203FD5E /* Pods_InstagramUITests.framework */,
			);
			name = Frameworks;
			sourceTree = "<group>";
		};
		EBE9CA1A200F87D400C40037 = {
			isa = PBXGroup;
			children = (
				EBE9CA25200F87D400C40037 /* Instagram */,
				EBE9CA3A200F87D500C40037 /* InstagramTests */,
				EBE9CA45200F87D500C40037 /* InstagramUITests */,
				EBE9CA24200F87D400C40037 /* Products */,
				2AB0776D3D983789B08B8A8C /* Pods */,
				BAA8F1EB7FE576376FA25B3C /* Frameworks */,
			);
			sourceTree = "<group>";
		};
		EBE9CA24200F87D400C40037 /* Products */ = {
			isa = PBXGroup;
			children = (
				EBE9CA23200F87D400C40037 /* Instagram.app */,
				EBE9CA37200F87D500C40037 /* InstagramTests.xctest */,
				EBE9CA42200F87D500C40037 /* InstagramUITests.xctest */,
			);
			name = Products;
			sourceTree = "<group>";
		};
		EBE9CA25200F87D400C40037 /* Instagram */ = {
			isa = PBXGroup;
			children = (
				EB1AE081200FD50100C6A2FF /* Instagram-Bridging-Header.h */,
				EB1AE068200FD2AD00C6A2FF /* AdobeCreativeSDKCore.framework */,
				EB1AE069200FD2AD00C6A2FF /* AdobeCreativeSDKImage.framework */,
				EBE9CA8A200FA94100C40037 /* GoogleService-Info.plist */,
				EBE9CA26200F87D400C40037 /* AppDelegate.swift */,
				EBE9CA82200F8F3200C40037 /* PostViewController.swift */,
				EB1AE089200FDDCE00C6A2FF /* Const.swift */,
				EBE9CA28200F87D400C40037 /* ViewController.swift */,
				EBE9CA84200F909700C40037 /* SettingViewController.swift */,
				EBE9CA78200F88BB00C40037 /* LoginViewController.swift */,
				EBE9CA7A200F88D800C40037 /* HomeViewController.swift */,
				EBE9CA7C200F88F600C40037 /* ImageSelectViewController.swift */,
				EBE9CA2A200F87D400C40037 /* Main.storyboard */,
				EBE9CA2D200F87D400C40037 /* Assets.xcassets */,
				EBE9CA2F200F87D400C40037 /* LaunchScreen.storyboard */,
				EBE9CA32200F87D400C40037 /* Info.plist */,
			);
			path = Instagram;
			sourceTree = "<group>";
		};
		EBE9CA3A200F87D500C40037 /* InstagramTests */ = {
			isa = PBXGroup;
			children = (
				EBE9CA3B200F87D500C40037 /* InstagramTests.swift */,
				EBE9CA3D200F87D500C40037 /* Info.plist */,
			);
			path = InstagramTests;
			sourceTree = "<group>";
		};
		EBE9CA45200F87D500C40037 /* InstagramUITests */ = {
			isa = PBXGroup;
			children = (
				EBE9CA46200F87D500C40037 /* InstagramUITests.swift */,
				EBE9CA48200F87D500C40037 /* Info.plist */,
			);
			path = InstagramUITests;
			sourceTree = "<group>";
		};
/* End PBXGroup section */

/* Begin PBXNativeTarget section */
		EBE9CA22200F87D400C40037 /* Instagram */ = {
			isa = PBXNativeTarget;
			buildConfigurationList = EBE9CA4B200F87D500C40037 /* Build configuration list for PBXNativeTarget "Instagram" */;
			buildPhases = (
				B5D07C55FBA29C7F2F6B7D26 /* [CP] Check Pods Manifest.lock */,
				EBE9CA1F200F87D400C40037 /* Sources */,
				EBE9CA20200F87D400C40037 /* Frameworks */,
				EBE9CA21200F87D400C40037 /* Resources */,
				959C83F74BC5D87508C6142F /* [CP] Embed Pods Frameworks */,
				10F09072B0B293B8E164EE7B /* [CP] Copy Pods Resources */,
				EB1AE070200FD34F00C6A2FF /* Embed Frameworks */,
				EB1AE080200FD4BC00C6A2FF /* ShellScript */,
			);
			buildRules = (
			);
			dependencies = (
			);
			name = Instagram;
			productName = Instagram;
			productReference = EBE9CA23200F87D400C40037 /* Instagram.app */;
			productType = "com.apple.product-type.application";
		};
		EBE9CA36200F87D500C40037 /* InstagramTests */ = {
			isa = PBXNativeTarget;
			buildConfigurationList = EBE9CA4E200F87D500C40037 /* Build configuration list for PBXNativeTarget "InstagramTests" */;
			buildPhases = (
				EBE9CA33200F87D500C40037 /* Sources */,
				EBE9CA34200F87D500C40037 /* Frameworks */,
				EBE9CA35200F87D500C40037 /* Resources */,
			);
			buildRules = (
			);
			dependencies = (
				EBE9CA39200F87D500C40037 /* PBXTargetDependency */,
			);
			name = InstagramTests;
			productName = InstagramTests;
			productReference = EBE9CA37200F87D500C40037 /* InstagramTests.xctest */;
			productType = "com.apple.product-type.bundle.unit-test";
		};
		EBE9CA41200F87D500C40037 /* InstagramUITests */ = {
			isa = PBXNativeTarget;
			buildConfigurationList = EBE9CA51200F87D500C40037 /* Build configuration list for PBXNativeTarget "InstagramUITests" */;
			buildPhases = (
				EBE9CA3E200F87D500C40037 /* Sources */,
				EBE9CA3F200F87D500C40037 /* Frameworks */,
				EBE9CA40200F87D500C40037 /* Resources */,
			);
			buildRules = (
			);
			dependencies = (
				EBE9CA44200F87D500C40037 /* PBXTargetDependency */,
			);
			name = InstagramUITests;
			productName = InstagramUITests;
			productReference = EBE9CA42200F87D500C40037 /* InstagramUITests.xctest */;
			productType = "com.apple.product-type.bundle.ui-testing";
		};
/* End PBXNativeTarget section */

/* Begin PBXProject section */
		EBE9CA1B200F87D400C40037 /* Project object */ = {
			isa = PBXProject;
			attributes = {
				LastSwiftUpdateCheck = 0830;
				LastUpgradeCheck = 0830;
				ORGANIZATIONNAME = owner;
				TargetAttributes = {
					EBE9CA22200F87D400C40037 = {
						CreatedOnToolsVersion = 8.3.3;
						ProvisioningStyle = Automatic;
					};
					EBE9CA36200F87D500C40037 = {
						CreatedOnToolsVersion = 8.3.3;
						ProvisioningStyle = Automatic;
						TestTargetID = EBE9CA22200F87D400C40037;
					};
					EBE9CA41200F87D500C40037 = {
						CreatedOnToolsVersion = 8.3.3;
						ProvisioningStyle = Automatic;
						TestTargetID = EBE9CA22200F87D400C40037;
					};
				};
			};
			buildConfigurationList = EBE9CA1E200F87D400C40037 /* Build configuration list for PBXProject "Instagram" */;
			compatibilityVersion = "Xcode 3.2";
			developmentRegion = English;
			hasScannedForEncodings = 0;
			knownRegions = (
				en,
				Base,
			);
			mainGroup = EBE9CA1A200F87D400C40037;
			productRefGroup = EBE9CA24200F87D400C40037 /* Products */;
			projectDirPath = "";
			projectRoot = "";
			targets = (
				EBE9CA22200F87D400C40037 /* Instagram */,
				EBE9CA36200F87D500C40037 /* InstagramTests */,
				EBE9CA41200F87D500C40037 /* InstagramUITests */,
			);
		};
/* End PBXProject section */

/* Begin PBXResourcesBuildPhase section */
		EBE9CA21200F87D400C40037 /* Resources */ = {
			isa = PBXResourcesBuildPhase;
			buildActionMask = 2147483647;
			files = (
				EBE9CA31200F87D400C40037 /* LaunchScreen.storyboard in Resources */,
				EBE9CA8B200FA94100C40037 /* GoogleService-Info.plist in Resources */,
				EBE9CA2E200F87D400C40037 /* Assets.xcassets in Resources */,
				EBE9CA2C200F87D400C40037 /* Main.storyboard in Resources */,
			);
			runOnlyForDeploymentPostprocessing = 0;
		};
		EBE9CA35200F87D500C40037 /* Resources */ = {
			isa = PBXResourcesBuildPhase;
			buildActionMask = 2147483647;
			files = (
			);
			runOnlyForDeploymentPostprocessing = 0;
		};
		EBE9CA40200F87D500C40037 /* Resources */ = {
			isa = PBXResourcesBuildPhase;
			buildActionMask = 2147483647;
			files = (
			);
			runOnlyForDeploymentPostprocessing = 0;
		};
/* End PBXResourcesBuildPhase section */

/* Begin PBXShellScriptBuildPhase section */
		10F09072B0B293B8E164EE7B /* [CP] Copy Pods Resources */ = {
			isa = PBXShellScriptBuildPhase;
			buildActionMask = 2147483647;
			files = (
			);
			inputPaths = (
			);
			name = "[CP] Copy Pods Resources";
			outputPaths = (
			);
			runOnlyForDeploymentPostprocessing = 0;
			shellPath = /bin/sh;
			shellScript = "bin \"${SRCROOT}/Pods/Target Support Files/Pods-Instagram/Pods-Instagram-resources.sh\"\n";
			showEnvVarsInLog = 0;
		};
		959C83F74BC5D87508C6142F /* [CP] Embed Pods Frameworks */ = {
			isa = PBXShellScriptBuildPhase;
			buildActionMask = 2147483647;
			files = (
			);
			inputPaths = (
			);
			name = "[CP] Embed Pods Frameworks";
			outputPaths = (
			);
			runOnlyForDeploymentPostprocessing = 0;
			shellPath = /bin/sh;
			shellScript = bash;
			showEnvVarsInLog = 0;
		};
		B5D07C55FBA29C7F2F6B7D26 /* [CP] Check Pods Manifest.lock */ = {
			isa = PBXShellScriptBuildPhase;
			buildActionMask = 2147483647;
			files = (
			);
			inputPaths = (
			);
			name = "[CP] Check Pods Manifest.lock";
			outputPaths = (
			);
			runOnlyForDeploymentPostprocessing = 0;
			shellPath = /bin/sh;
			shellScript = "diff \"${PODS_ROOT}/../Podfile.lock\" \"${PODS_ROOT}/Manifest.lock\" > /dev/null\nif [ $? != 0 ] ; then\n    # print error to STDERR\n    echo \"error: The sandbox is not in sync with the Podfile.lock. Run 'pod install' or update your CocoaPods installation.\" >&2\n    exit 1\nfi\n";
			showEnvVarsInLog = 0;
		};
		EB1AE080200FD4BC00C6A2FF /* ShellScript */ = {
			isa = PBXShellScriptBuildPhase;
			buildActionMask = 2147483647;
			files = (
			);
			inputPaths = (
			);
			outputPaths = (
			);
			runOnlyForDeploymentPostprocessing = 0;
			shellPath = /bin/sh;
			shellScript = "bin \"${BUILT_PRODUCTS_DIR}/${FRAMEWORKS_FOLDER_PATH}/AdobeCreativeSDKCore.framework/strip-frameworks.sh\"";
		};
/* End PBXShellScriptBuildPhase section */

/* Begin PBXSourcesBuildPhase section */
		EBE9CA1F200F87D400C40037 /* Sources */ = {
			isa = PBXSourcesBuildPhase;
			buildActionMask = 2147483647;
			files = (
				EBE9CA83200F8F3200C40037 /* PostViewController.swift in Sources */,
				EBE9CA79200F88BB00C40037 /* LoginViewController.swift in Sources */,
				EBE9CA29200F87D400C40037 /* ViewController.swift in Sources */,
				EBE9CA27200F87D400C40037 /* AppDelegate.swift in Sources */,
				EBE9CA7D200F88F600C40037 /* ImageSelectViewController.swift in Sources */,
				EB1AE08A200FDDCE00C6A2FF /* Const.swift in Sources */,
				EBE9CA85200F909700C40037 /* SettingViewController.swift in Sources */,
				EBE9CA7B200F88D800C40037 /* HomeViewController.swift in Sources */,
			);
			runOnlyForDeploymentPostprocessing = 0;
		};
		EBE9CA33200F87D500C40037 /* Sources */ = {
			isa = PBXSourcesBuildPhase;
			buildActionMask = 2147483647;
			files = (
				EBE9CA3C200F87D500C40037 /* InstagramTests.swift in Sources */,
			);
			runOnlyForDeploymentPostprocessing = 0;
		};
		EBE9CA3E200F87D500C40037 /* Sources */ = {
			isa = PBXSourcesBuildPhase;
			buildActionMask = 2147483647;
			files = (
				EBE9CA47200F87D500C40037 /* InstagramUITests.swift in Sources */,
			);
			runOnlyForDeploymentPostprocessing = 0;
		};
/* End PBXSourcesBuildPhase section */

/* Begin PBXTargetDependency section */
		EBE9CA39200F87D500C40037 /* PBXTargetDependency */ = {
			isa = PBXTargetDependency;
			target = EBE9CA22200F87D400C40037 /* Instagram */;
			targetProxy = EBE9CA38200F87D500C40037 /* PBXContainerItemProxy */;
		};
		EBE9CA44200F87D500C40037 /* PBXTargetDependency */ = {
			isa = PBXTargetDependency;
			target = EBE9CA22200F87D400C40037 /* Instagram */;
			targetProxy = EBE9CA43200F87D500C40037 /* PBXContainerItemProxy */;
		};
/* End PBXTargetDependency section */

/* Begin PBXVariantGroup section */
		EBE9CA2A200F87D400C40037 /* Main.storyboard */ = {
			isa = PBXVariantGroup;
			children = (
				EBE9CA2B200F87D400C40037 /* Base */,
			);
			name = Main.storyboard;
			sourceTree = "<group>";
		};
		EBE9CA2F200F87D400C40037 /* LaunchScreen.storyboard */ = {
			isa = PBXVariantGroup;
			children = (
				EBE9CA30200F87D400C40037 /* Base */,
			);
			name = LaunchScreen.storyboard;
			sourceTree = "<group>";
		};
/* End PBXVariantGroup section */

/* Begin XCBuildConfiguration section */
		EBE9CA49200F87D500C40037 /* Debug */ = {
			isa = XCBuildConfiguration;
			buildSettings = {
				ALWAYS_SEARCH_USER_PATHS = NO;
				CLANG_ANALYZER_NONNULL = YES;
				CLANG_ANALYZER_NUMBER_OBJECT_CONVERSION = YES_AGGRESSIVE;
				CLANG_CXX_LANGUAGE_STANDARD = "gnu++0x";
				CLANG_CXX_LIBRARY = "libc++";
				CLANG_ENABLE_MODULES = YES;
				CLANG_ENABLE_OBJC_ARC = YES;
				CLANG_WARN_BOOL_CONVERSION = YES;
				CLANG_WARN_CONSTANT_CONVERSION = YES;
				CLANG_WARN_DIRECT_OBJC_ISA_USAGE = YES_ERROR;
				CLANG_WARN_DOCUMENTATION_COMMENTS = YES;
				CLANG_WARN_EMPTY_BODY = YES;
				CLANG_WARN_ENUM_CONVERSION = YES;
				CLANG_WARN_INFINITE_RECURSION = YES;
				CLANG_WARN_INT_CONVERSION = YES;
				CLANG_WARN_OBJC_ROOT_CLASS = YES_ERROR;
				CLANG_WARN_SUSPICIOUS_MOVE = YES;
				CLANG_WARN_UNREACHABLE_CODE = YES;
				CLANG_WARN__DUPLICATE_METHOD_MATCH = YES;
				"CODE_SIGN_IDENTITY[sdk=iphoneos*]" = "iPhone Developer";
				COPY_PHASE_STRIP = NO;
				DEBUG_INFORMATION_FORMAT = dwarf;
				ENABLE_STRICT_OBJC_MSGSEND = YES;
				ENABLE_TESTABILITY = YES;
				GCC_C_LANGUAGE_STANDARD = gnu99;
				GCC_DYNAMIC_NO_PIC = NO;
				GCC_NO_COMMON_BLOCKS = YES;
				GCC_OPTIMIZATION_LEVEL = 0;
				GCC_PREPROCESSOR_DEFINITIONS = (
					"DEBUG=1",
					"$(inherited)",
				);
				GCC_WARN_64_TO_32_BIT_CONVERSION = YES;
				GCC_WARN_ABOUT_RETURN_TYPE = YES_ERROR;
				GCC_WARN_UNDECLARED_SELECTOR = YES;
				GCC_WARN_UNINITIALIZED_AUTOS = YES_AGGRESSIVE;
				GCC_WARN_UNUSED_FUNCTION = YES;
				GCC_WARN_UNUSED_VARIABLE = YES;
				IPHONEOS_DEPLOYMENT_TARGET = 10.3;
				MTL_ENABLE_DEBUG_INFO = YES;
				ONLY_ACTIVE_ARCH = YES;
				SDKROOT = iphoneos;
				SWIFT_ACTIVE_COMPILATION_CONDITIONS = DEBUG;
				SWIFT_OPTIMIZATION_LEVEL = "-Onone";
			};
			name = Debug;
		};
		EBE9CA4A200F87D500C40037 /* Release */ = {
			isa = XCBuildConfiguration;
			buildSettings = {
				ALWAYS_SEARCH_USER_PATHS = NO;
				CLANG_ANALYZER_NONNULL = YES;
				CLANG_ANALYZER_NUMBER_OBJECT_CONVERSION = YES_AGGRESSIVE;
				CLANG_CXX_LANGUAGE_STANDARD = "gnu++0x";
				CLANG_CXX_LIBRARY = "libc++";
				CLANG_ENABLE_MODULES = YES;
				CLANG_ENABLE_OBJC_ARC = YES;
				CLANG_WARN_BOOL_CONVERSION = YES;
				CLANG_WARN_CONSTANT_CONVERSION = YES;
				CLANG_WARN_DIRECT_OBJC_ISA_USAGE = YES_ERROR;
				CLANG_WARN_DOCUMENTATION_COMMENTS = YES;
				CLANG_WARN_EMPTY_BODY = YES;
				CLANG_WARN_ENUM_CONVERSION = YES;
				CLANG_WARN_INFINITE_RECURSION = YES;
				CLANG_WARN_INT_CONVERSION = YES;
				CLANG_WARN_OBJC_ROOT_CLASS = YES_ERROR;
				CLANG_WARN_SUSPICIOUS_MOVE = YES;
				CLANG_WARN_UNREACHABLE_CODE = YES;
				CLANG_WARN__DUPLICATE_METHOD_MATCH = YES;
				"CODE_SIGN_IDENTITY[sdk=iphoneos*]" = "iPhone Developer";
				COPY_PHASE_STRIP = NO;
				DEBUG_INFORMATION_FORMAT = "dwarf-with-dsym";
				ENABLE_NS_ASSERTIONS = NO;
				ENABLE_STRICT_OBJC_MSGSEND = YES;
				GCC_C_LANGUAGE_STANDARD = gnu99;
				GCC_NO_COMMON_BLOCKS = YES;
				GCC_WARN_64_TO_32_BIT_CONVERSION = YES;
				GCC_WARN_ABOUT_RETURN_TYPE = YES_ERROR;
				GCC_WARN_UNDECLARED_SELECTOR = YES;
				GCC_WARN_UNINITIALIZED_AUTOS = YES_AGGRESSIVE;
				GCC_WARN_UNUSED_FUNCTION = YES;
				GCC_WARN_UNUSED_VARIABLE = YES;
				IPHONEOS_DEPLOYMENT_TARGET = 10.3;
				MTL_ENABLE_DEBUG_INFO = NO;
				SDKROOT = iphoneos;
				SWIFT_OPTIMIZATION_LEVEL = "-Owholemodule";
				VALIDATE_PRODUCT = YES;
			};
			name = Release;
		};
		EBE9CA4C200F87D500C40037 /* Debug */ = {
			isa = XCBuildConfiguration;
			baseConfigurationReference = 8E31985941F2358C8D635423 /* Pods-Instagram.debug.xcconfig */;
			buildSettings = {
				ASSETCATALOG_COMPILER_APPICON_NAME = AppIcon;
				FRAMEWORK_SEARCH_PATHS = (
					"$(inherited)",
					"$(PROJECT_DIR)",
					"$(PROJECT_DIR)/Instagram",
				);
				INFOPLIST_FILE = Instagram/Info.plist;
				LD_RUNPATH_SEARCH_PATHS = "$(inherited) @executable_path/Frameworks";
				PRODUCT_BUNDLE_IDENTIFIER = jp.techacademy.yuuka.katsushima.Instagram;
				PRODUCT_NAME = "$(TARGET_NAME)";
				SWIFT_OBJC_BRIDGING_HEADER = "Instagram/Instagram/Instagram-Bridging-Header.h ";
				SWIFT_VERSION = 3.0;
			};
			name = Debug;
		};
		EBE9CA4D200F87D500C40037 /* Release */ = {
			isa = XCBuildConfiguration;
			baseConfigurationReference = 2F73AD1594378525ABE01CD2 /* Pods-Instagram.release.xcconfig */;
			buildSettings = {
				ASSETCATALOG_COMPILER_APPICON_NAME = AppIcon;
				FRAMEWORK_SEARCH_PATHS = (
					"$(inherited)",
					"$(PROJECT_DIR)",
					"$(PROJECT_DIR)/Instagram",
				);
				INFOPLIST_FILE = Instagram/Info.plist;
				LD_RUNPATH_SEARCH_PATHS = "$(inherited) @executable_path/Frameworks";
				PRODUCT_BUNDLE_IDENTIFIER = jp.techacademy.yuuka.katsushima.Instagram;
				PRODUCT_NAME = "$(TARGET_NAME)";
				SWIFT_OBJC_BRIDGING_HEADER = "Instagram/Instagram/Instagram-Bridging-Header.h ";
				SWIFT_VERSION = 3.0;
			};
			name = Release;
		};
		EBE9CA4F200F87D500C40037 /* Debug */ = {
			isa = XCBuildConfiguration;
			buildSettings = {
				ALWAYS_EMBED_SWIFT_STANDARD_LIBRARIES = YES;
				BUNDLE_LOADER = "$(TEST_HOST)";
				INFOPLIST_FILE = InstagramTests/Info.plist;
				LD_RUNPATH_SEARCH_PATHS = "$(inherited) @executable_path/Frameworks @loader_path/Frameworks";
				PRODUCT_BUNDLE_IDENTIFIER = jp.techacademy.yuuka.katsushima.InstagramTests;
				PRODUCT_NAME = "$(TARGET_NAME)";
				SWIFT_VERSION = 3.0;
				TEST_HOST = "$(BUILT_PRODUCTS_DIR)/Instagram.app/Instagram";
			};
			name = Debug;
		};
		EBE9CA50200F87D500C40037 /* Release */ = {
			isa = XCBuildConfiguration;
			buildSettings = {
				ALWAYS_EMBED_SWIFT_STANDARD_LIBRARIES = YES;
				BUNDLE_LOADER = "$(TEST_HOST)";
				INFOPLIST_FILE = InstagramTests/Info.plist;
				LD_RUNPATH_SEARCH_PATHS = "$(inherited) @executable_path/Frameworks @loader_path/Frameworks";
				PRODUCT_BUNDLE_IDENTIFIER = jp.techacademy.yuuka.katsushima.InstagramTests;
				PRODUCT_NAME = "$(TARGET_NAME)";
				SWIFT_VERSION = 3.0;
				TEST_HOST = "$(BUILT_PRODUCTS_DIR)/Instagram.app/Instagram";
			};
			name = Release;
		};
		EBE9CA52200F87D500C40037 /* Debug */ = {
			isa = XCBuildConfiguration;
			buildSettings = {
				ALWAYS_EMBED_SWIFT_STANDARD_LIBRARIES = YES;
				INFOPLIST_FILE = InstagramUITests/Info.plist;
				LD_RUNPATH_SEARCH_PATHS = "$(inherited) @executable_path/Frameworks @loader_path/Frameworks";
				PRODUCT_BUNDLE_IDENTIFIER = jp.techacademy.yuuka.katsushima.InstagramUITests;
				PRODUCT_NAME = "$(TARGET_NAME)";
				SWIFT_VERSION = 3.0;
				TEST_TARGET_NAME = Instagram;
			};
			name = Debug;
		};
		EBE9CA53200F87D500C40037 /* Release */ = {
			isa = XCBuildConfiguration;
			buildSettings = {
				ALWAYS_EMBED_SWIFT_STANDARD_LIBRARIES = YES;
				INFOPLIST_FILE = InstagramUITests/Info.plist;
				LD_RUNPATH_SEARCH_PATHS = "$(inherited) @executable_path/Frameworks @loader_path/Frameworks";
				PRODUCT_BUNDLE_IDENTIFIER = jp.techacademy.yuuka.katsushima.InstagramUITests;
				PRODUCT_NAME = "$(TARGET_NAME)";
				SWIFT_VERSION = 3.0;
				TEST_TARGET_NAME = Instagram;
			};
			name = Release;
		};
/* End XCBuildConfiguration section */

/* Begin XCConfigurationList section */
		EBE9CA1E200F87D400C40037 /* Build configuration list for PBXProject "Instagram" */ = {
			isa = XCConfigurationList;
			buildConfigurations = (
				EBE9CA49200F87D500C40037 /* Debug */,
				EBE9CA4A200F87D500C40037 /* Release */,
			);
			defaultConfigurationIsVisible = 0;
			defaultConfigurationName = Release;
		};
		EBE9CA4B200F87D500C40037 /* Build configuration list for PBXNativeTarget "Instagram" */ = {
			isa = XCConfigurationList;
			buildConfigurations = (
				EBE9CA4C200F87D500C40037 /* Debug */,
				EBE9CA4D200F87D500C40037 /* Release */,
			);
			defaultConfigurationIsVisible = 0;
			defaultConfigurationName = Release;
		};
		EBE9CA4E200F87D500C40037 /* Build configuration list for PBXNativeTarget "InstagramTests" */ = {
			isa = XCConfigurationList;
			buildConfigurations = (
				EBE9CA4F200F87D500C40037 /* Debug */,
				EBE9CA50200F87D500C40037 /* Release */,
			);
			defaultConfigurationIsVisible = 0;
			defaultConfigurationName = Release;
		};
		EBE9CA51200F87D500C40037 /* Build configuration list for PBXNativeTarget "InstagramUITests" */ = {
			isa = XCConfigurationList;
			buildConfigurations = (
				EBE9CA52200F87D500C40037 /* Debug */,
				EBE9CA53200F87D500C40037 /* Release */,
			);
			defaultConfigurationIsVisible = 0;
			defaultConfigurationName = Release;
		};
/* End XCConfigurationList section */
	};
	rootObject = EBE9CA1B200F87D400C40037 /* Project object */;
}
